// !$*UTF8*$!
{
	archiveVersion = 1;
	classes = {
	};
	objectVersion = 77;
	objects = {

/* Begin PBXBuildFile section */
		0E765FC22CAEBA9000311B46 /* SnapKit in Frameworks */ = {isa = PBXBuildFile; productRef = 0E765FC12CAEBA9000311B46 /* SnapKit */; };
		0E765FD72CAFC0EF00311B46 /* LoginModel.swift in Sources */ = {isa = PBXBuildFile; fileRef = 0E765FC32CAFC0EF00311B46 /* LoginModel.swift */; };
		0E765FDE2CAFC0EF00311B46 /* TabBarMainViewController.swift in Sources */ = {isa = PBXBuildFile; fileRef = 0E765FCC2CAFC0EF00311B46 /* TabBarMainViewController.swift */; };
		0E765FE12CAFC0EF00311B46 /* AppDelegate.swift in Sources */ = {isa = PBXBuildFile; fileRef = 0E765FD22CAFC0EF00311B46 /* AppDelegate.swift */; };
		0E765FE22CAFC0EF00311B46 /* SceneDelegate.swift in Sources */ = {isa = PBXBuildFile; fileRef = 0E765FD52CAFC0EF00311B46 /* SceneDelegate.swift */; };
		0E765FE32CAFC0EF00311B46 /* Assets.xcassets in Resources */ = {isa = PBXBuildFile; fileRef = 0E765FD32CAFC0EF00311B46 /* Assets.xcassets */; };
/* End PBXBuildFile section */

/* Begin PBXFileReference section */
		0E765FC32CAFC0EF00311B46 /* LoginModel.swift */ = {isa = PBXFileReference; lastKnownFileType = sourcecode.swift; path = LoginModel.swift; sourceTree = "<group>"; };
		0E765FCC2CAFC0EF00311B46 /* TabBarMainViewController.swift */ = {isa = PBXFileReference; lastKnownFileType = sourcecode.swift; path = TabBarMainViewController.swift; sourceTree = "<group>"; };
		0E765FD22CAFC0EF00311B46 /* AppDelegate.swift */ = {isa = PBXFileReference; lastKnownFileType = sourcecode.swift; path = AppDelegate.swift; sourceTree = "<group>"; };
		0E765FD32CAFC0EF00311B46 /* Assets.xcassets */ = {isa = PBXFileReference; lastKnownFileType = folder.assetcatalog; path = Assets.xcassets; sourceTree = "<group>"; };
		0E765FD42CAFC0EF00311B46 /* Info.plist */ = {isa = PBXFileReference; lastKnownFileType = text.plist.xml; path = Info.plist; sourceTree = "<group>"; };
		0E765FD52CAFC0EF00311B46 /* SceneDelegate.swift */ = {isa = PBXFileReference; lastKnownFileType = sourcecode.swift; path = SceneDelegate.swift; sourceTree = "<group>"; };
		0ECEFFBC2CA582B500CC793B /* KREAM.app */ = {isa = PBXFileReference; explicitFileType = wrapper.application; includeInIndex = 0; path = KREAM.app; sourceTree = BUILT_PRODUCTS_DIR; };
/* End PBXFileReference section */

/* Begin PBXFileSystemSynchronizedRootGroup section */
		0E765FE62CAFC12A00311B46 /* MyProfile */ = {
			isa = PBXFileSystemSynchronizedRootGroup;
			path = MyProfile;
			sourceTree = "<group>";
		};
		0E765FE72CAFC14B00311B46 /* Login */ = {
			isa = PBXFileSystemSynchronizedRootGroup;
			path = Login;
			sourceTree = "<group>";
		};
		0E765FE82CAFC1BF00311B46 /* Home */ = {
			isa = PBXFileSystemSynchronizedRootGroup;
			path = Home;
			sourceTree = "<group>";
		};
		0E765FE92CAFC1C700311B46 /* Save */ = {
			isa = PBXFileSystemSynchronizedRootGroup;
			path = Save;
			sourceTree = "<group>";
		};
		0E765FEA2CAFC1DF00311B46 /* Search */ = {
			isa = PBXFileSystemSynchronizedRootGroup;
			path = Search;
			sourceTree = "<group>";
		};
		0E765FEB2CAFC1E600311B46 /* Style */ = {
			isa = PBXFileSystemSynchronizedRootGroup;
			path = Style;
			sourceTree = "<group>";
		};
/* End PBXFileSystemSynchronizedRootGroup section */

/* Begin PBXFrameworksBuildPhase section */
		0ECEFFB92CA582B500CC793B /* Frameworks */ = {
			isa = PBXFrameworksBuildPhase;
			buildActionMask = 2147483647;
			files = (
				0E765FC22CAEBA9000311B46 /* SnapKit in Frameworks */,
			);
			runOnlyForDeploymentPostprocessing = 0;
		};
/* End PBXFrameworksBuildPhase section */

/* Begin PBXGroup section */
		0E765FC42CAFC0EF00311B46 /* Models */ = {
			isa = PBXGroup;
			children = (
				0E765FC32CAFC0EF00311B46 /* LoginModel.swift */,
			);
			path = Models;
			sourceTree = "<group>";
		};
		0E765FD62CAFC0EF00311B46 /* KREAM */ = {
			isa = PBXGroup;
			children = (
				0E765FE52CAFC10F00311B46 /* Screen */,
				0E765FC42CAFC0EF00311B46 /* Models */,
				0E765FD22CAFC0EF00311B46 /* AppDelegate.swift */,
				0E765FD32CAFC0EF00311B46 /* Assets.xcassets */,
				0E765FD42CAFC0EF00311B46 /* Info.plist */,
				0E765FD52CAFC0EF00311B46 /* SceneDelegate.swift */,
			);
			path = KREAM;
			sourceTree = "<group>";
		};
		0E765FE52CAFC10F00311B46 /* Screen */ = {
			isa = PBXGroup;
			children = (
				0E765FE72CAFC14B00311B46 /* Login */,
				0E765FE82CAFC1BF00311B46 /* Home */,
				0E765FEB2CAFC1E600311B46 /* Style */,
				0E765FEA2CAFC1DF00311B46 /* Search */,
				0E765FE92CAFC1C700311B46 /* Save */,
				0E765FCC2CAFC0EF00311B46 /* TabBarMainViewController.swift */,
				0E765FE62CAFC12A00311B46 /* MyProfile */,
			);
			path = Screen;
			sourceTree = "<group>";
		};
		0ECEFFB32CA582B500CC793B = {
			isa = PBXGroup;
			children = (
				0E765FD62CAFC0EF00311B46 /* KREAM */,
				0ECEFFBD2CA582B500CC793B /* Products */,
			);
			sourceTree = "<group>";
		};
		0ECEFFBD2CA582B500CC793B /* Products */ = {
			isa = PBXGroup;
			children = (
				0ECEFFBC2CA582B500CC793B /* KREAM.app */,
			);
			name = Products;
			sourceTree = "<group>";
		};
/* End PBXGroup section */

/* Begin PBXNativeTarget section */
		0ECEFFBB2CA582B500CC793B /* KREAM */ = {
			isa = PBXNativeTarget;
			buildConfigurationList = 0ECEFFCF2CA582B700CC793B /* Build configuration list for PBXNativeTarget "KREAM" */;
			buildPhases = (
				0ECEFFB82CA582B500CC793B /* Sources */,
				0ECEFFB92CA582B500CC793B /* Frameworks */,
				0ECEFFBA2CA582B500CC793B /* Resources */,
			);
			buildRules = (
			);
			dependencies = (
			);
			fileSystemSynchronizedGroups = (
				0E765FE62CAFC12A00311B46 /* MyProfile */,
				0E765FE72CAFC14B00311B46 /* Login */,
				0E765FE82CAFC1BF00311B46 /* Home */,
				0E765FE92CAFC1C700311B46 /* Save */,
				0E765FEA2CAFC1DF00311B46 /* Search */,
				0E765FEB2CAFC1E600311B46 /* Style */,
			);
			name = KREAM;
			packageProductDependencies = (
				0E765FC12CAEBA9000311B46 /* SnapKit */,
			);
			productName = KREAM;
			productReference = 0ECEFFBC2CA582B500CC793B /* KREAM.app */;
			productType = "com.apple.product-type.application";
		};
/* End PBXNativeTarget section */

/* Begin PBXProject section */
		0ECEFFB42CA582B500CC793B /* Project object */ = {
			isa = PBXProject;
			attributes = {
				BuildIndependentTargetsInParallel = 1;
				LastSwiftUpdateCheck = 1600;
				LastUpgradeCheck = 1600;
				TargetAttributes = {
					0ECEFFBB2CA582B500CC793B = {
						CreatedOnToolsVersion = 16.0;
					};
				};
			};
			buildConfigurationList = 0ECEFFB72CA582B500CC793B /* Build configuration list for PBXProject "KREAM" */;
			developmentRegion = en;
			hasScannedForEncodings = 0;
			knownRegions = (
				en,
				Base,
			);
			mainGroup = 0ECEFFB32CA582B500CC793B;
			minimizedProjectReferenceProxies = 1;
			packageReferences = (
				0E765FC02CAEBA9000311B46 /* XCRemoteSwiftPackageReference "SnapKit" */,
			);
			preferredProjectObjectVersion = 77;
			productRefGroup = 0ECEFFBD2CA582B500CC793B /* Products */;
			projectDirPath = "";
			projectRoot = "";
			targets = (
				0ECEFFBB2CA582B500CC793B /* KREAM */,
			);
		};
/* End PBXProject section */

/* Begin PBXResourcesBuildPhase section */
		0ECEFFBA2CA582B500CC793B /* Resources */ = {
			isa = PBXResourcesBuildPhase;
			buildActionMask = 2147483647;
			files = (
				0E765FE32CAFC0EF00311B46 /* Assets.xcassets in Resources */,
			);
			runOnlyForDeploymentPostprocessing = 0;
		};
/* End PBXResourcesBuildPhase section */

/* Begin PBXSourcesBuildPhase section */
		0ECEFFB82CA582B500CC793B /* Sources */ = {
			isa = PBXSourcesBuildPhase;
			buildActionMask = 2147483647;
			files = (
				0E765FD72CAFC0EF00311B46 /* LoginModel.swift in Sources */,
				0E765FDE2CAFC0EF00311B46 /* TabBarMainViewController.swift in Sources */,
				0E765FE12CAFC0EF00311B46 /* AppDelegate.swift in Sources */,
				0E765FE22CAFC0EF00311B46 /* SceneDelegate.swift in Sources */,
			);
			runOnlyForDeploymentPostprocessing = 0;
		};
/* End PBXSourcesBuildPhase section */

/* Begin XCBuildConfiguration section */
		0ECEFFD02CA582B700CC793B /* Debug */ = {
			isa = XCBuildConfiguration;
			buildSettings = {
				ASSETCATALOG_COMPILER_APPICON_NAME = AppIcon;
				ASSETCATALOG_COMPILER_GLOBAL_ACCENT_COLOR_NAME = AccentColor;
				CODE_SIGN_STYLE = Automatic;
				CURRENT_PROJECT_VERSION = 1;
				DEVELOPMENT_TEAM = 6H8Y6F23HB;
				GENERATE_INFOPLIST_FILE = YES;
				INFOPLIST_FILE = KREAM/Info.plist;
				INFOPLIST_KEY_UIApplicationSupportsIndirectInputEvents = YES;
				INFOPLIST_KEY_UILaunchStoryboardName = LaunchScreen;
				INFOPLIST_KEY_UISupportedInterfaceOrientations_iPad = "UIInterfaceOrientationPortrait UIInterfaceOrientationPortraitUpsideDown UIInterfaceOrientationLandscapeLeft UIInterfaceOrientationLandscapeRight";
				INFOPLIST_KEY_UISupportedInterfaceOrientations_iPhone = "UIInterfaceOrientationPortrait UIInterfaceOrientationLandscapeLeft UIInterfaceOrientationLandscapeRight";
				LD_RUNPATH_SEARCH_PATHS = (
					"$(inherited)",
					"@executable_path/Frameworks",
				);
				MARKETING_VERSION = 1.0;
				PRODUCT_BUNDLE_IDENTIFIER = jaeonLee.com;
				PRODUCT_NAME = "$(TARGET_NAME)";
				SWIFT_EMIT_LOC_STRINGS = YES;
				SWIFT_VERSION = 5.0;
				TARGETED_DEVICE_FAMILY = "1,2";
			};
			name = Debug;
		};
		0ECEFFD12CA582B700CC793B /* Release */ = {
			isa = XCBuildConfiguration;
			buildSettings = {
				ASSETCATALOG_COMPILER_APPICON_NAME = AppIcon;
				ASSETCATALOG_COMPILER_GLOBAL_ACCENT_COLOR_NAME = AccentColor;
				CODE_SIGN_STYLE = Automatic;
				CURRENT_PROJECT_VERSION = 1;
				DEVELOPMENT_TEAM = 6H8Y6F23HB;
				GENERATE_INFOPLIST_FILE = YES;
				INFOPLIST_FILE = KREAM/Info.plist;
				INFOPLIST_KEY_UIApplicationSupportsIndirectInputEvents = YES;
				INFOPLIST_KEY_UILaunchStoryboardName = LaunchScreen;
				INFOPLIST_KEY_UISupportedInterfaceOrientations_iPad = "UIInterfaceOrientationPortrait UIInterfaceOrientationPortraitUpsideDown UIInterfaceOrientationLandscapeLeft UIInterfaceOrientationLandscapeRight";
				INFOPLIST_KEY_UISupportedInterfaceOrientations_iPhone = "UIInterfaceOrientationPortrait UIInterfaceOrientationLandscapeLeft UIInterfaceOrientationLandscapeRight";
				LD_RUNPATH_SEARCH_PATHS = (
					"$(inherited)",
					"@executable_path/Frameworks",
				);
				MARKETING_VERSION = 1.0;
				PRODUCT_BUNDLE_IDENTIFIER = jaeonLee.com;
				PRODUCT_NAME = "$(TARGET_NAME)";
				SWIFT_EMIT_LOC_STRINGS = YES;
				SWIFT_VERSION = 5.0;
				TARGETED_DEVICE_FAMILY = "1,2";
			};
			name = Release;
		};
		0ECEFFD22CA582B700CC793B /* Debug */ = {
			isa = XCBuildConfiguration;
			buildSettings = {
				ALWAYS_SEARCH_USER_PATHS = NO;
				ASSETCATALOG_COMPILER_GENERATE_SWIFT_ASSET_SYMBOL_EXTENSIONS = YES;
				CLANG_ANALYZER_NONNULL = YES;
				CLANG_ANALYZER_NUMBER_OBJECT_CONVERSION = YES_AGGRESSIVE;
				CLANG_CXX_LANGUAGE_STANDARD = "gnu++20";
				CLANG_ENABLE_MODULES = YES;
				CLANG_ENABLE_OBJC_ARC = YES;
				CLANG_ENABLE_OBJC_WEAK = YES;
				CLANG_WARN_BLOCK_CAPTURE_AUTORELEASING = YES;
				CLANG_WARN_BOOL_CONVERSION = YES;
				CLANG_WARN_COMMA = YES;
				CLANG_WARN_CONSTANT_CONVERSION = YES;
				CLANG_WARN_DEPRECATED_OBJC_IMPLEMENTATIONS = YES;
				CLANG_WARN_DIRECT_OBJC_ISA_USAGE = YES_ERROR;
				CLANG_WARN_DOCUMENTATION_COMMENTS = YES;
				CLANG_WARN_EMPTY_BODY = YES;
				CLANG_WARN_ENUM_CONVERSION = YES;
				CLANG_WARN_INFINITE_RECURSION = YES;
				CLANG_WARN_INT_CONVERSION = YES;
				CLANG_WARN_NON_LITERAL_NULL_CONVERSION = YES;
				CLANG_WARN_OBJC_IMPLICIT_RETAIN_SELF = YES;
				CLANG_WARN_OBJC_LITERAL_CONVERSION = YES;
				CLANG_WARN_OBJC_ROOT_CLASS = YES_ERROR;
				CLANG_WARN_QUOTED_INCLUDE_IN_FRAMEWORK_HEADER = YES;
				CLANG_WARN_RANGE_LOOP_ANALYSIS = YES;
				CLANG_WARN_STRICT_PROTOTYPES = YES;
				CLANG_WARN_SUSPICIOUS_MOVE = YES;
				CLANG_WARN_UNGUARDED_AVAILABILITY = YES_AGGRESSIVE;
				CLANG_WARN_UNREACHABLE_CODE = YES;
				CLANG_WARN__DUPLICATE_METHOD_MATCH = YES;
				COPY_PHASE_STRIP = NO;
				DEBUG_INFORMATION_FORMAT = dwarf;
				ENABLE_STRICT_OBJC_MSGSEND = YES;
				ENABLE_TESTABILITY = YES;
				ENABLE_USER_SCRIPT_SANDBOXING = YES;
				GCC_C_LANGUAGE_STANDARD = gnu17;
				GCC_DYNAMIC_NO_PIC = NO;
				GCC_NO_COMMON_BLOCKS = YES;
				GCC_OPTIMIZATION_LEVEL = 0;
				GCC_PREPROCESSOR_DEFINITIONS = (
					"DEBUG=1",
					"$(inherited)",
				);
				GCC_WARN_64_TO_32_BIT_CONVERSION = YES;
				GCC_WARN_ABOUT_RETURN_TYPE = YES_ERROR;
				GCC_WARN_UNDECLARED_SELECTOR = YES;
				GCC_WARN_UNINITIALIZED_AUTOS = YES_AGGRESSIVE;
				GCC_WARN_UNUSED_FUNCTION = YES;
				GCC_WARN_UNUSED_VARIABLE = YES;
				IPHONEOS_DEPLOYMENT_TARGET = 18.0;
				LOCALIZATION_PREFERS_STRING_CATALOGS = YES;
				MTL_ENABLE_DEBUG_INFO = INCLUDE_SOURCE;
				MTL_FAST_MATH = YES;
				ONLY_ACTIVE_ARCH = YES;
				SDKROOT = iphoneos;
				SWIFT_ACTIVE_COMPILATION_CONDITIONS = "DEBUG $(inherited)";
				SWIFT_OPTIMIZATION_LEVEL = "-Onone";
			};
			name = Debug;
		};
		0ECEFFD32CA582B700CC793B /* Release */ = {
			isa = XCBuildConfiguration;
			buildSettings = {
				ALWAYS_SEARCH_USER_PATHS = NO;
				ASSETCATALOG_COMPILER_GENERATE_SWIFT_ASSET_SYMBOL_EXTENSIONS = YES;
				CLANG_ANALYZER_NONNULL = YES;
				CLANG_ANALYZER_NUMBER_OBJECT_CONVERSION = YES_AGGRESSIVE;
				CLANG_CXX_LANGUAGE_STANDARD = "gnu++20";
				CLANG_ENABLE_MODULES = YES;
				CLANG_ENABLE_OBJC_ARC = YES;
				CLANG_ENABLE_OBJC_WEAK = YES;
				CLANG_WARN_BLOCK_CAPTURE_AUTORELEASING = YES;
				CLANG_WARN_BOOL_CONVERSION = YES;
				CLANG_WARN_COMMA = YES;
				CLANG_WARN_CONSTANT_CONVERSION = YES;
				CLANG_WARN_DEPRECATED_OBJC_IMPLEMENTATIONS = YES;
				CLANG_WARN_DIRECT_OBJC_ISA_USAGE = YES_ERROR;
				CLANG_WARN_DOCUMENTATION_COMMENTS = YES;
				CLANG_WARN_EMPTY_BODY = YES;
				CLANG_WARN_ENUM_CONVERSION = YES;
				CLANG_WARN_INFINITE_RECURSION = YES;
				CLANG_WARN_INT_CONVERSION = YES;
				CLANG_WARN_NON_LITERAL_NULL_CONVERSION = YES;
				CLANG_WARN_OBJC_IMPLICIT_RETAIN_SELF = YES;
				CLANG_WARN_OBJC_LITERAL_CONVERSION = YES;
				CLANG_WARN_OBJC_ROOT_CLASS = YES_ERROR;
				CLANG_WARN_QUOTED_INCLUDE_IN_FRAMEWORK_HEADER = YES;
				CLANG_WARN_RANGE_LOOP_ANALYSIS = YES;
				CLANG_WARN_STRICT_PROTOTYPES = YES;
				CLANG_WARN_SUSPICIOUS_MOVE = YES;
				CLANG_WARN_UNGUARDED_AVAILABILITY = YES_AGGRESSIVE;
				CLANG_WARN_UNREACHABLE_CODE = YES;
				CLANG_WARN__DUPLICATE_METHOD_MATCH = YES;
				COPY_PHASE_STRIP = NO;
				DEBUG_INFORMATION_FORMAT = "dwarf-with-dsym";
				ENABLE_NS_ASSERTIONS = NO;
				ENABLE_STRICT_OBJC_MSGSEND = YES;
				ENABLE_USER_SCRIPT_SANDBOXING = YES;
				GCC_C_LANGUAGE_STANDARD = gnu17;
				GCC_NO_COMMON_BLOCKS = YES;
				GCC_WARN_64_TO_32_BIT_CONVERSION = YES;
				GCC_WARN_ABOUT_RETURN_TYPE = YES_ERROR;
				GCC_WARN_UNDECLARED_SELECTOR = YES;
				GCC_WARN_UNINITIALIZED_AUTOS = YES_AGGRESSIVE;
				GCC_WARN_UNUSED_FUNCTION = YES;
				GCC_WARN_UNUSED_VARIABLE = YES;
				IPHONEOS_DEPLOYMENT_TARGET = 18.0;
				LOCALIZATION_PREFERS_STRING_CATALOGS = YES;
				MTL_ENABLE_DEBUG_INFO = NO;
				MTL_FAST_MATH = YES;
				SDKROOT = iphoneos;
				SWIFT_COMPILATION_MODE = wholemodule;
				VALIDATE_PRODUCT = YES;
			};
			name = Release;
		};
/* End XCBuildConfiguration section */

/* Begin XCConfigurationList section */
		0ECEFFB72CA582B500CC793B /* Build configuration list for PBXProject "KREAM" */ = {
			isa = XCConfigurationList;
			buildConfigurations = (
				0ECEFFD22CA582B700CC793B /* Debug */,
				0ECEFFD32CA582B700CC793B /* Release */,
			);
			defaultConfigurationIsVisible = 0;
			defaultConfigurationName = Release;
		};
		0ECEFFCF2CA582B700CC793B /* Build configuration list for PBXNativeTarget "KREAM" */ = {
			isa = XCConfigurationList;
			buildConfigurations = (
				0ECEFFD02CA582B700CC793B /* Debug */,
				0ECEFFD12CA582B700CC793B /* Release */,
			);
			defaultConfigurationIsVisible = 0;
			defaultConfigurationName = Release;
		};
/* End XCConfigurationList section */

/* Begin XCRemoteSwiftPackageReference section */
		0E765FC02CAEBA9000311B46 /* XCRemoteSwiftPackageReference "SnapKit" */ = {
			isa = XCRemoteSwiftPackageReference;
			repositoryURL = "https://github.com/SnapKit/SnapKit";
			requirement = {
				kind = upToNextMajorVersion;
				minimumVersion = 5.7.1;
			};
		};
/* End XCRemoteSwiftPackageReference section */

/* Begin XCSwiftPackageProductDependency section */
		0E765FC12CAEBA9000311B46 /* SnapKit */ = {
			isa = XCSwiftPackageProductDependency;
			package = 0E765FC02CAEBA9000311B46 /* XCRemoteSwiftPackageReference "SnapKit" */;
			productName = SnapKit;
		};
/* End XCSwiftPackageProductDependency section */
	};
	rootObject = 0ECEFFB42CA582B500CC793B /* Project object */;
}
